// !$*UTF8*$!
{
	archiveVersion = 1;
	classes = {
	};
	objectVersion = 56;
	objects = {

/* Begin PBXBuildFile section */
		3A40C96C2AF30E9900702DCB /* AppDelegate.swift in Sources */ = {isa = PBXBuildFile; fileRef = 3A40C96B2AF30E9900702DCB /* AppDelegate.swift */; };
		3A40C96E2AF30E9900702DCB /* SceneDelegate.swift in Sources */ = {isa = PBXBuildFile; fileRef = 3A40C96D2AF30E9900702DCB /* SceneDelegate.swift */; };
		3A40C9702AF30E9900702DCB /* ViewController.swift in Sources */ = {isa = PBXBuildFile; fileRef = 3A40C96F2AF30E9900702DCB /* ViewController.swift */; };
		3A40C9732AF30E9900702DCB /* Main.storyboard in Resources */ = {isa = PBXBuildFile; fileRef = 3A40C9712AF30E9900702DCB /* Main.storyboard */; };
		3A40C9752AF30E9A00702DCB /* Assets.xcassets in Resources */ = {isa = PBXBuildFile; fileRef = 3A40C9742AF30E9A00702DCB /* Assets.xcassets */; };
		3A40C9782AF30E9A00702DCB /* LaunchScreen.storyboard in Resources */ = {isa = PBXBuildFile; fileRef = 3A40C9762AF30E9A00702DCB /* LaunchScreen.storyboard */; };
		3A40C9832AF30E9A00702DCB /* PokemonsTests.swift in Sources */ = {isa = PBXBuildFile; fileRef = 3A40C9822AF30E9A00702DCB /* PokemonsTests.swift */; };
		3A40C98D2AF30E9A00702DCB /* PokemonsUITests.swift in Sources */ = {isa = PBXBuildFile; fileRef = 3A40C98C2AF30E9A00702DCB /* PokemonsUITests.swift */; };
		3A40C98F2AF30E9A00702DCB /* PokemonsUITestsLaunchTests.swift in Sources */ = {isa = PBXBuildFile; fileRef = 3A40C98E2AF30E9A00702DCB /* PokemonsUITestsLaunchTests.swift */; };
/* End PBXBuildFile section */

/* Begin PBXContainerItemProxy section */
		3A40C97F2AF30E9A00702DCB /* PBXContainerItemProxy */ = {
			isa = PBXContainerItemProxy;
			containerPortal = 3A40C9602AF30E9900702DCB /* Project object */;
			proxyType = 1;
			remoteGlobalIDString = 3A40C9672AF30E9900702DCB;
			remoteInfo = Pokemons;
		};
		3A40C9892AF30E9A00702DCB /* PBXContainerItemProxy */ = {
			isa = PBXContainerItemProxy;
			containerPortal = 3A40C9602AF30E9900702DCB /* Project object */;
			proxyType = 1;
			remoteGlobalIDString = 3A40C9672AF30E9900702DCB;
			remoteInfo = Pokemons;
		};
/* End PBXContainerItemProxy section */

/* Begin PBXFileReference section */
		3A40C9682AF30E9900702DCB /* Pokemons.app */ = {isa = PBXFileReference; explicitFileType = wrapper.application; includeInIndex = 0; path = Pokemons.app; sourceTree = BUILT_PRODUCTS_DIR; };
		3A40C96B2AF30E9900702DCB /* AppDelegate.swift */ = {isa = PBXFileReference; lastKnownFileType = sourcecode.swift; path = AppDelegate.swift; sourceTree = "<group>"; };
		3A40C96D2AF30E9900702DCB /* SceneDelegate.swift */ = {isa = PBXFileReference; lastKnownFileType = sourcecode.swift; path = SceneDelegate.swift; sourceTree = "<group>"; };
		3A40C96F2AF30E9900702DCB /* ViewController.swift */ = {isa = PBXFileReference; lastKnownFileType = sourcecode.swift; path = ViewController.swift; sourceTree = "<group>"; };
		3A40C9722AF30E9900702DCB /* Base */ = {isa = PBXFileReference; lastKnownFileType = file.storyboard; name = Base; path = Base.lproj/Main.storyboard; sourceTree = "<group>"; };
		3A40C9742AF30E9A00702DCB /* Assets.xcassets */ = {isa = PBXFileReference; lastKnownFileType = folder.assetcatalog; path = Assets.xcassets; sourceTree = "<group>"; };
		3A40C9772AF30E9A00702DCB /* Base */ = {isa = PBXFileReference; lastKnownFileType = file.storyboard; name = Base; path = Base.lproj/LaunchScreen.storyboard; sourceTree = "<group>"; };
		3A40C9792AF30E9A00702DCB /* Info.plist */ = {isa = PBXFileReference; lastKnownFileType = text.plist.xml; path = Info.plist; sourceTree = "<group>"; };
		3A40C97E2AF30E9A00702DCB /* PokemonsTests.xctest */ = {isa = PBXFileReference; explicitFileType = wrapper.cfbundle; includeInIndex = 0; path = PokemonsTests.xctest; sourceTree = BUILT_PRODUCTS_DIR; };
		3A40C9822AF30E9A00702DCB /* PokemonsTests.swift */ = {isa = PBXFileReference; lastKnownFileType = sourcecode.swift; path = PokemonsTests.swift; sourceTree = "<group>"; };
		3A40C9882AF30E9A00702DCB /* PokemonsUITests.xctest */ = {isa = PBXFileReference; explicitFileType = wrapper.cfbundle; includeInIndex = 0; path = PokemonsUITests.xctest; sourceTree = BUILT_PRODUCTS_DIR; };
		3A40C98C2AF30E9A00702DCB /* PokemonsUITests.swift */ = {isa = PBXFileReference; lastKnownFileType = sourcecode.swift; path = PokemonsUITests.swift; sourceTree = "<group>"; };
		3A40C98E2AF30E9A00702DCB /* PokemonsUITestsLaunchTests.swift */ = {isa = PBXFileReference; lastKnownFileType = sourcecode.swift; path = PokemonsUITestsLaunchTests.swift; sourceTree = "<group>"; };
/* End PBXFileReference section */

/* Begin PBXFrameworksBuildPhase section */
		3A40C9652AF30E9900702DCB /* Frameworks */ = {
			isa = PBXFrameworksBuildPhase;
			buildActionMask = 2147483647;
			files = (
			);
			runOnlyForDeploymentPostprocessing = 0;
		};
		3A40C97B2AF30E9A00702DCB /* Frameworks */ = {
			isa = PBXFrameworksBuildPhase;
			buildActionMask = 2147483647;
			files = (
			);
			runOnlyForDeploymentPostprocessing = 0;
		};
		3A40C9852AF30E9A00702DCB /* Frameworks */ = {
			isa = PBXFrameworksBuildPhase;
			buildActionMask = 2147483647;
			files = (
			);
			runOnlyForDeploymentPostprocessing = 0;
		};
/* End PBXFrameworksBuildPhase section */

/* Begin PBXGroup section */
		3A40C95F2AF30E9900702DCB = {
			isa = PBXGroup;
			children = (
				3A40C96A2AF30E9900702DCB /* Pokemons */,
				3A40C9812AF30E9A00702DCB /* PokemonsTests */,
				3A40C98B2AF30E9A00702DCB /* PokemonsUITests */,
				3A40C9692AF30E9900702DCB /* Products */,
			);
			sourceTree = "<group>";
		};
		3A40C9692AF30E9900702DCB /* Products */ = {
			isa = PBXGroup;
			children = (
				3A40C9682AF30E9900702DCB /* Pokemons.app */,
				3A40C97E2AF30E9A00702DCB /* PokemonsTests.xctest */,
				3A40C9882AF30E9A00702DCB /* PokemonsUITests.xctest */,
			);
			name = Products;
			sourceTree = "<group>";
		};
		3A40C96A2AF30E9900702DCB /* Pokemons */ = {
			isa = PBXGroup;
			children = (
				3A40C96B2AF30E9900702DCB /* AppDelegate.swift */,
				3A40C96D2AF30E9900702DCB /* SceneDelegate.swift */,
				3A40C96F2AF30E9900702DCB /* ViewController.swift */,
				3A40C9712AF30E9900702DCB /* Main.storyboard */,
				3A40C9742AF30E9A00702DCB /* Assets.xcassets */,
				3A40C9762AF30E9A00702DCB /* LaunchScreen.storyboard */,
				3A40C9792AF30E9A00702DCB /* Info.plist */,
			);
			path = Pokemons;
			sourceTree = "<group>";
		};
		3A40C9812AF30E9A00702DCB /* PokemonsTests */ = {
			isa = PBXGroup;
			children = (
				3A40C9822AF30E9A00702DCB /* PokemonsTests.swift */,
			);
			path = PokemonsTests;
			sourceTree = "<group>";
		};
		3A40C98B2AF30E9A00702DCB /* PokemonsUITests */ = {
			isa = PBXGroup;
			children = (
				3A40C98C2AF30E9A00702DCB /* PokemonsUITests.swift */,
				3A40C98E2AF30E9A00702DCB /* PokemonsUITestsLaunchTests.swift */,
			);
			path = PokemonsUITests;
			sourceTree = "<group>";
		};
/* End PBXGroup section */

/* Begin PBXNativeTarget section */
		3A40C9672AF30E9900702DCB /* Pokemons */ = {
			isa = PBXNativeTarget;
			buildConfigurationList = 3A40C9922AF30E9A00702DCB /* Build configuration list for PBXNativeTarget "Pokemons" */;
			buildPhases = (
				3A40C9642AF30E9900702DCB /* Sources */,
				3A40C9652AF30E9900702DCB /* Frameworks */,
				3A40C9662AF30E9900702DCB /* Resources */,
			);
			buildRules = (
			);
			dependencies = (
			);
			name = Pokemons;
			productName = Pokemons;
			productReference = 3A40C9682AF30E9900702DCB /* Pokemons.app */;
			productType = "com.apple.product-type.application";
		};
		3A40C97D2AF30E9A00702DCB /* PokemonsTests */ = {
			isa = PBXNativeTarget;
			buildConfigurationList = 3A40C9952AF30E9A00702DCB /* Build configuration list for PBXNativeTarget "PokemonsTests" */;
			buildPhases = (
				3A40C97A2AF30E9A00702DCB /* Sources */,
				3A40C97B2AF30E9A00702DCB /* Frameworks */,
				3A40C97C2AF30E9A00702DCB /* Resources */,
			);
			buildRules = (
			);
			dependencies = (
				3A40C9802AF30E9A00702DCB /* PBXTargetDependency */,
			);
			name = PokemonsTests;
			productName = PokemonsTests;
			productReference = 3A40C97E2AF30E9A00702DCB /* PokemonsTests.xctest */;
			productType = "com.apple.product-type.bundle.unit-test";
		};
		3A40C9872AF30E9A00702DCB /* PokemonsUITests */ = {
			isa = PBXNativeTarget;
			buildConfigurationList = 3A40C9982AF30E9A00702DCB /* Build configuration list for PBXNativeTarget "PokemonsUITests" */;
			buildPhases = (
				3A40C9842AF30E9A00702DCB /* Sources */,
				3A40C9852AF30E9A00702DCB /* Frameworks */,
				3A40C9862AF30E9A00702DCB /* Resources */,
			);
			buildRules = (
			);
			dependencies = (
				3A40C98A2AF30E9A00702DCB /* PBXTargetDependency */,
			);
			name = PokemonsUITests;
			productName = PokemonsUITests;
			productReference = 3A40C9882AF30E9A00702DCB /* PokemonsUITests.xctest */;
			productType = "com.apple.product-type.bundle.ui-testing";
		};
/* End PBXNativeTarget section */

/* Begin PBXProject section */
		3A40C9602AF30E9900702DCB /* Project object */ = {
			isa = PBXProject;
			attributes = {
				BuildIndependentTargetsInParallel = 1;
				LastSwiftUpdateCheck = 1500;
				LastUpgradeCheck = 1500;
				TargetAttributes = {
					3A40C9672AF30E9900702DCB = {
						CreatedOnToolsVersion = 15.0;
					};
					3A40C97D2AF30E9A00702DCB = {
						CreatedOnToolsVersion = 15.0;
						TestTargetID = 3A40C9672AF30E9900702DCB;
					};
					3A40C9872AF30E9A00702DCB = {
						CreatedOnToolsVersion = 15.0;
						TestTargetID = 3A40C9672AF30E9900702DCB;
					};
				};
			};
			buildConfigurationList = 3A40C9632AF30E9900702DCB /* Build configuration list for PBXProject "Pokemons" */;
			compatibilityVersion = "Xcode 14.0";
			developmentRegion = en;
			hasScannedForEncodings = 0;
			knownRegions = (
				en,
				Base,
			);
			mainGroup = 3A40C95F2AF30E9900702DCB;
			productRefGroup = 3A40C9692AF30E9900702DCB /* Products */;
			projectDirPath = "";
			projectRoot = "";
			targets = (
				3A40C9672AF30E9900702DCB /* Pokemons */,
				3A40C97D2AF30E9A00702DCB /* PokemonsTests */,
				3A40C9872AF30E9A00702DCB /* PokemonsUITests */,
			);
		};
/* End PBXProject section */

/* Begin PBXResourcesBuildPhase section */
		3A40C9662AF30E9900702DCB /* Resources */ = {
			isa = PBXResourcesBuildPhase;
			buildActionMask = 2147483647;
			files = (
				3A40C9782AF30E9A00702DCB /* LaunchScreen.storyboard in Resources */,
				3A40C9752AF30E9A00702DCB /* Assets.xcassets in Resources */,
				3A40C9732AF30E9900702DCB /* Main.storyboard in Resources */,
			);
			runOnlyForDeploymentPostprocessing = 0;
		};
		3A40C97C2AF30E9A00702DCB /* Resources */ = {
			isa = PBXResourcesBuildPhase;
			buildActionMask = 2147483647;
			files = (
			);
			runOnlyForDeploymentPostprocessing = 0;
		};
		3A40C9862AF30E9A00702DCB /* Resources */ = {
			isa = PBXResourcesBuildPhase;
			buildActionMask = 2147483647;
			files = (
			);
			runOnlyForDeploymentPostprocessing = 0;
		};
/* End PBXResourcesBuildPhase section */

/* Begin PBXSourcesBuildPhase section */
		3A40C9642AF30E9900702DCB /* Sources */ = {
			isa = PBXSourcesBuildPhase;
			buildActionMask = 2147483647;
			files = (
				3A40C9702AF30E9900702DCB /* ViewController.swift in Sources */,
				3A40C96C2AF30E9900702DCB /* AppDelegate.swift in Sources */,
				3A40C96E2AF30E9900702DCB /* SceneDelegate.swift in Sources */,
			);
			runOnlyForDeploymentPostprocessing = 0;
		};
		3A40C97A2AF30E9A00702DCB /* Sources */ = {
			isa = PBXSourcesBuildPhase;
			buildActionMask = 2147483647;
			files = (
				3A40C9832AF30E9A00702DCB /* PokemonsTests.swift in Sources */,
			);
			runOnlyForDeploymentPostprocessing = 0;
		};
		3A40C9842AF30E9A00702DCB /* Sources */ = {
			isa = PBXSourcesBuildPhase;
			buildActionMask = 2147483647;
			files = (
				3A40C98F2AF30E9A00702DCB /* PokemonsUITestsLaunchTests.swift in Sources */,
				3A40C98D2AF30E9A00702DCB /* PokemonsUITests.swift in Sources */,
			);
			runOnlyForDeploymentPostprocessing = 0;
		};
/* End PBXSourcesBuildPhase section */

/* Begin PBXTargetDependency section */
		3A40C9802AF30E9A00702DCB /* PBXTargetDependency */ = {
			isa = PBXTargetDependency;
			target = 3A40C9672AF30E9900702DCB /* Pokemons */;
			targetProxy = 3A40C97F2AF30E9A00702DCB /* PBXContainerItemProxy */;
		};
		3A40C98A2AF30E9A00702DCB /* PBXTargetDependency */ = {
			isa = PBXTargetDependency;
			target = 3A40C9672AF30E9900702DCB /* Pokemons */;
			targetProxy = 3A40C9892AF30E9A00702DCB /* PBXContainerItemProxy */;
		};
/* End PBXTargetDependency section */

/* Begin PBXVariantGroup section */
		3A40C9712AF30E9900702DCB /* Main.storyboard */ = {
			isa = PBXVariantGroup;
			children = (
				3A40C9722AF30E9900702DCB /* Base */,
			);
			name = Main.storyboard;
			sourceTree = "<group>";
		};
		3A40C9762AF30E9A00702DCB /* LaunchScreen.storyboard */ = {
			isa = PBXVariantGroup;
			children = (
				3A40C9772AF30E9A00702DCB /* Base */,
			);
			name = LaunchScreen.storyboard;
			sourceTree = "<group>";
		};
/* End PBXVariantGroup section */

/* Begin XCBuildConfiguration section */
		3A40C9902AF30E9A00702DCB /* Debug */ = {
			isa = XCBuildConfiguration;
			buildSettings = {
				ALWAYS_SEARCH_USER_PATHS = NO;
				ASSETCATALOG_COMPILER_GENERATE_SWIFT_ASSET_SYMBOL_EXTENSIONS = YES;
				CLANG_ANALYZER_NONNULL = YES;
				CLANG_ANALYZER_NUMBER_OBJECT_CONVERSION = YES_AGGRESSIVE;
				CLANG_CXX_LANGUAGE_STANDARD = "gnu++20";
				CLANG_ENABLE_MODULES = YES;
				CLANG_ENABLE_OBJC_ARC = YES;
				CLANG_ENABLE_OBJC_WEAK = YES;
				CLANG_WARN_BLOCK_CAPTURE_AUTORELEASING = YES;
				CLANG_WARN_BOOL_CONVERSION = YES;
				CLANG_WARN_COMMA = YES;
				CLANG_WARN_CONSTANT_CONVERSION = YES;
				CLANG_WARN_DEPRECATED_OBJC_IMPLEMENTATIONS = YES;
				CLANG_WARN_DIRECT_OBJC_ISA_USAGE = YES_ERROR;
				CLANG_WARN_DOCUMENTATION_COMMENTS = YES;
				CLANG_WARN_EMPTY_BODY = YES;
				CLANG_WARN_ENUM_CONVERSION = YES;
				CLANG_WARN_INFINITE_RECURSION = YES;
				CLANG_WARN_INT_CONVERSION = YES;
				CLANG_WARN_NON_LITERAL_NULL_CONVERSION = YES;
				CLANG_WARN_OBJC_IMPLICIT_RETAIN_SELF = YES;
				CLANG_WARN_OBJC_LITERAL_CONVERSION = YES;
				CLANG_WARN_OBJC_ROOT_CLASS = YES_ERROR;
				CLANG_WARN_QUOTED_INCLUDE_IN_FRAMEWORK_HEADER = YES;
				CLANG_WARN_RANGE_LOOP_ANALYSIS = YES;
				CLANG_WARN_STRICT_PROTOTYPES = YES;
				CLANG_WARN_SUSPICIOUS_MOVE = YES;
				CLANG_WARN_UNGUARDED_AVAILABILITY = YES_AGGRESSIVE;
				CLANG_WARN_UNREACHABLE_CODE = YES;
				CLANG_WARN__DUPLICATE_METHOD_MATCH = YES;
				COPY_PHASE_STRIP = NO;
				DEBUG_INFORMATION_FORMAT = dwarf;
				ENABLE_STRICT_OBJC_MSGSEND = YES;
				ENABLE_TESTABILITY = YES;
				ENABLE_USER_SCRIPT_SANDBOXING = YES;
				GCC_C_LANGUAGE_STANDARD = gnu17;
				GCC_DYNAMIC_NO_PIC = NO;
				GCC_NO_COMMON_BLOCKS = YES;
				GCC_OPTIMIZATION_LEVEL = 0;
				GCC_PREPROCESSOR_DEFINITIONS = (
					"DEBUG=1",
					"$(inherited)",
				);
				GCC_WARN_64_TO_32_BIT_CONVERSION = YES;
				GCC_WARN_ABOUT_RETURN_TYPE = YES_ERROR;
				GCC_WARN_UNDECLARED_SELECTOR = YES;
				GCC_WARN_UNINITIALIZED_AUTOS = YES_AGGRESSIVE;
				GCC_WARN_UNUSED_FUNCTION = YES;
				GCC_WARN_UNUSED_VARIABLE = YES;
				IPHONEOS_DEPLOYMENT_TARGET = 17.0;
				LOCALIZATION_PREFERS_STRING_CATALOGS = YES;
				MTL_ENABLE_DEBUG_INFO = INCLUDE_SOURCE;
				MTL_FAST_MATH = YES;
				ONLY_ACTIVE_ARCH = YES;
				SDKROOT = iphoneos;
				SWIFT_ACTIVE_COMPILATION_CONDITIONS = "DEBUG $(inherited)";
				SWIFT_OPTIMIZATION_LEVEL = "-Onone";
			};
			name = Debug;
		};
		3A40C9912AF30E9A00702DCB /* Release */ = {
			isa = XCBuildConfiguration;
			buildSettings = {
				ALWAYS_SEARCH_USER_PATHS = NO;
				ASSETCATALOG_COMPILER_GENERATE_SWIFT_ASSET_SYMBOL_EXTENSIONS = YES;
				CLANG_ANALYZER_NONNULL = YES;
				CLANG_ANALYZER_NUMBER_OBJECT_CONVERSION = YES_AGGRESSIVE;
				CLANG_CXX_LANGUAGE_STANDARD = "gnu++20";
				CLANG_ENABLE_MODULES = YES;
				CLANG_ENABLE_OBJC_ARC = YES;
				CLANG_ENABLE_OBJC_WEAK = YES;
				CLANG_WARN_BLOCK_CAPTURE_AUTORELEASING = YES;
				CLANG_WARN_BOOL_CONVERSION = YES;
				CLANG_WARN_COMMA = YES;
				CLANG_WARN_CONSTANT_CONVERSION = YES;
				CLANG_WARN_DEPRECATED_OBJC_IMPLEMENTATIONS = YES;
				CLANG_WARN_DIRECT_OBJC_ISA_USAGE = YES_ERROR;
				CLANG_WARN_DOCUMENTATION_COMMENTS = YES;
				CLANG_WARN_EMPTY_BODY = YES;
				CLANG_WARN_ENUM_CONVERSION = YES;
				CLANG_WARN_INFINITE_RECURSION = YES;
				CLANG_WARN_INT_CONVERSION = YES;
				CLANG_WARN_NON_LITERAL_NULL_CONVERSION = YES;
				CLANG_WARN_OBJC_IMPLICIT_RETAIN_SELF = YES;
				CLANG_WARN_OBJC_LITERAL_CONVERSION = YES;
				CLANG_WARN_OBJC_ROOT_CLASS = YES_ERROR;
				CLANG_WARN_QUOTED_INCLUDE_IN_FRAMEWORK_HEADER = YES;
				CLANG_WARN_RANGE_LOOP_ANALYSIS = YES;
				CLANG_WARN_STRICT_PROTOTYPES = YES;
				CLANG_WARN_SUSPICIOUS_MOVE = YES;
				CLANG_WARN_UNGUARDED_AVAILABILITY = YES_AGGRESSIVE;
				CLANG_WARN_UNREACHABLE_CODE = YES;
				CLANG_WARN__DUPLICATE_METHOD_MATCH = YES;
				COPY_PHASE_STRIP = NO;
				DEBUG_INFORMATION_FORMAT = "dwarf-with-dsym";
				ENABLE_NS_ASSERTIONS = NO;
				ENABLE_STRICT_OBJC_MSGSEND = YES;
				ENABLE_USER_SCRIPT_SANDBOXING = YES;
				GCC_C_LANGUAGE_STANDARD = gnu17;
				GCC_NO_COMMON_BLOCKS = YES;
				GCC_WARN_64_TO_32_BIT_CONVERSION = YES;
				GCC_WARN_ABOUT_RETURN_TYPE = YES_ERROR;
				GCC_WARN_UNDECLARED_SELECTOR = YES;
				GCC_WARN_UNINITIALIZED_AUTOS = YES_AGGRESSIVE;
				GCC_WARN_UNUSED_FUNCTION = YES;
				GCC_WARN_UNUSED_VARIABLE = YES;
				IPHONEOS_DEPLOYMENT_TARGET = 17.0;
				LOCALIZATION_PREFERS_STRING_CATALOGS = YES;
				MTL_ENABLE_DEBUG_INFO = NO;
				MTL_FAST_MATH = YES;
				SDKROOT = iphoneos;
				SWIFT_COMPILATION_MODE = wholemodule;
				VALIDATE_PRODUCT = YES;
			};
			name = Release;
		};
		3A40C9932AF30E9A00702DCB /* Debug */ = {
			isa = XCBuildConfiguration;
			buildSettings = {
				ASSETCATALOG_COMPILER_APPICON_NAME = AppIcon;
				ASSETCATALOG_COMPILER_GLOBAL_ACCENT_COLOR_NAME = AccentColor;
				CODE_SIGN_STYLE = Automatic;
				CURRENT_PROJECT_VERSION = 1;
				DEVELOPMENT_TEAM = 525SN89BN3;
				GENERATE_INFOPLIST_FILE = YES;
				INFOPLIST_FILE = Pokemons/Info.plist;
				INFOPLIST_KEY_UIApplicationSupportsIndirectInputEvents = YES;
				INFOPLIST_KEY_UILaunchStoryboardName = LaunchScreen;
				INFOPLIST_KEY_UIMainStoryboardFile = Main;
				INFOPLIST_KEY_UISupportedInterfaceOrientations_iPad = "UIInterfaceOrientationPortrait UIInterfaceOrientationPortraitUpsideDown UIInterfaceOrientationLandscapeLeft UIInterfaceOrientationLandscapeRight";
				INFOPLIST_KEY_UISupportedInterfaceOrientations_iPhone = "UIInterfaceOrientationPortrait UIInterfaceOrientationLandscapeLeft UIInterfaceOrientationLandscapeRight";
				LD_RUNPATH_SEARCH_PATHS = (
					"$(inherited)",
					"@executable_path/Frameworks",
				);
				MARKETING_VERSION = 1.0;
				PRODUCT_BUNDLE_IDENTIFIER = valeria.Pokemons;
				PRODUCT_NAME = "$(TARGET_NAME)";
				SWIFT_EMIT_LOC_STRINGS = YES;
				SWIFT_VERSION = 5.0;
				TARGETED_DEVICE_FAMILY = "1,2";
			};
			name = Debug;
		};
		3A40C9942AF30E9A00702DCB /* Release */ = {
			isa = XCBuildConfiguration;
			buildSettings = {
				ASSETCATALOG_COMPILER_APPICON_NAME = AppIcon;
				ASSETCATALOG_COMPILER_GLOBAL_ACCENT_COLOR_NAME = AccentColor;
				CODE_SIGN_STYLE = Automatic;
				CURRENT_PROJECT_VERSION = 1;
				DEVELOPMENT_TEAM = 525SN89BN3;
				GENERATE_INFOPLIST_FILE = YES;
				INFOPLIST_FILE = Pokemons/Info.plist;
				INFOPLIST_KEY_UIApplicationSupportsIndirectInputEvents = YES;
				INFOPLIST_KEY_UILaunchStoryboardName = LaunchScreen;
				INFOPLIST_KEY_UIMainStoryboardFile = Main;
				INFOPLIST_KEY_UISupportedInterfaceOrientations_iPad = "UIInterfaceOrientationPortrait UIInterfaceOrientationPortraitUpsideDown UIInterfaceOrientationLandscapeLeft UIInterfaceOrientationLandscapeRight";
				INFOPLIST_KEY_UISupportedInterfaceOrientations_iPhone = "UIInterfaceOrientationPortrait UIInterfaceOrientationLandscapeLeft UIInterfaceOrientationLandscapeRight";
				LD_RUNPATH_SEARCH_PATHS = (
					"$(inherited)",
					"@executable_path/Frameworks",
				);
				MARKETING_VERSION = 1.0;
				PRODUCT_BUNDLE_IDENTIFIER = valeria.Pokemons;
				PRODUCT_NAME = "$(TARGET_NAME)";
				SWIFT_EMIT_LOC_STRINGS = YES;
				SWIFT_VERSION = 5.0;
				TARGETED_DEVICE_FAMILY = "1,2";
			};
			name = Release;
		};
		3A40C9962AF30E9A00702DCB /* Debug */ = {
			isa = XCBuildConfiguration;
			buildSettings = {
				ALWAYS_EMBED_SWIFT_STANDARD_LIBRARIES = YES;
				BUNDLE_LOADER = "$(TEST_HOST)";
				CODE_SIGN_STYLE = Automatic;
				CURRENT_PROJECT_VERSION = 1;
				DEVELOPMENT_TEAM = 525SN89BN3;
				GENERATE_INFOPLIST_FILE = YES;
				IPHONEOS_DEPLOYMENT_TARGET = 17.0;
				MARKETING_VERSION = 1.0;
				PRODUCT_BUNDLE_IDENTIFIER = valeria.PokemonsTests;
				PRODUCT_NAME = "$(TARGET_NAME)";
				SWIFT_EMIT_LOC_STRINGS = NO;
				SWIFT_VERSION = 5.0;
				TARGETED_DEVICE_FAMILY = "1,2";
				TEST_HOST = "$(BUILT_PRODUCTS_DIR)/Pokemons.app/$(BUNDLE_EXECUTABLE_FOLDER_PATH)/Pokemons";
			};
			name = Debug;
		};
		3A40C9972AF30E9A00702DCB /* Release */ = {
			isa = XCBuildConfiguration;
			buildSettings = {
				ALWAYS_EMBED_SWIFT_STANDARD_LIBRARIES = YES;
				BUNDLE_LOADER = "$(TEST_HOST)";
				CODE_SIGN_STYLE = Automatic;
				CURRENT_PROJECT_VERSION = 1;
				DEVELOPMENT_TEAM = 525SN89BN3;
				GENERATE_INFOPLIST_FILE = YES;
				IPHONEOS_DEPLOYMENT_TARGET = 17.0;
				MARKETING_VERSION = 1.0;
				PRODUCT_BUNDLE_IDENTIFIER = valeria.PokemonsTests;
				PRODUCT_NAME = "$(TARGET_NAME)";
				SWIFT_EMIT_LOC_STRINGS = NO;
				SWIFT_VERSION = 5.0;
				TARGETED_DEVICE_FAMILY = "1,2";
				TEST_HOST = "$(BUILT_PRODUCTS_DIR)/Pokemons.app/$(BUNDLE_EXECUTABLE_FOLDER_PATH)/Pokemons";
			};
			name = Release;
		};
		3A40C9992AF30E9A00702DCB /* Debug */ = {
			isa = XCBuildConfiguration;
			buildSettings = {
				ALWAYS_EMBED_SWIFT_STANDARD_LIBRARIES = YES;
				CODE_SIGN_STYLE = Automatic;
				CURRENT_PROJECT_VERSION = 1;
				DEVELOPMENT_TEAM = 525SN89BN3;
				GENERATE_INFOPLIST_FILE = YES;
				MARKETING_VERSION = 1.0;
				PRODUCT_BUNDLE_IDENTIFIER = valeria.PokemonsUITests;
				PRODUCT_NAME = "$(TARGET_NAME)";
				SWIFT_EMIT_LOC_STRINGS = NO;
				SWIFT_VERSION = 5.0;
				TARGETED_DEVICE_FAMILY = "1,2";
				TEST_TARGET_NAME = Pokemons;
			};
			name = Debug;
		};
		3A40C99A2AF30E9A00702DCB /* Release */ = {
			isa = XCBuildConfiguration;
			buildSettings = {
				ALWAYS_EMBED_SWIFT_STANDARD_LIBRARIES = YES;
				CODE_SIGN_STYLE = Automatic;
				CURRENT_PROJECT_VERSION = 1;
				DEVELOPMENT_TEAM = 525SN89BN3;
				GENERATE_INFOPLIST_FILE = YES;
				MARKETING_VERSION = 1.0;
				PRODUCT_BUNDLE_IDENTIFIER = valeria.PokemonsUITests;
				PRODUCT_NAME = "$(TARGET_NAME)";
				SWIFT_EMIT_LOC_STRINGS = NO;
				SWIFT_VERSION = 5.0;
				TARGETED_DEVICE_FAMILY = "1,2";
				TEST_TARGET_NAME = Pokemons;
			};
			name = Release;
		};
/* End XCBuildConfiguration section */

/* Begin XCConfigurationList section */
		3A40C9632AF30E9900702DCB /* Build configuration list for PBXProject "Pokemons" */ = {
			isa = XCConfigurationList;
			buildConfigurations = (
				3A40C9902AF30E9A00702DCB /* Debug */,
				3A40C9912AF30E9A00702DCB /* Release */,
			);
			defaultConfigurationIsVisible = 0;
			defaultConfigurationName = Release;
		};
		3A40C9922AF30E9A00702DCB /* Build configuration list for PBXNativeTarget "Pokemons" */ = {
			isa = XCConfigurationList;
			buildConfigurations = (
				3A40C9932AF30E9A00702DCB /* Debug */,
				3A40C9942AF30E9A00702DCB /* Release */,
			);
			defaultConfigurationIsVisible = 0;
			defaultConfigurationName = Release;
		};
		3A40C9952AF30E9A00702DCB /* Build configuration list for PBXNativeTarget "PokemonsTests" */ = {
			isa = XCConfigurationList;
			buildConfigurations = (
				3A40C9962AF30E9A00702DCB /* Debug */,
				3A40C9972AF30E9A00702DCB /* Release */,
			);
			defaultConfigurationIsVisible = 0;
			defaultConfigurationName = Release;
		};
		3A40C9982AF30E9A00702DCB /* Build configuration list for PBXNativeTarget "PokemonsUITests" */ = {
			isa = XCConfigurationList;
			buildConfigurations = (
				3A40C9992AF30E9A00702DCB /* Debug */,
				3A40C99A2AF30E9A00702DCB /* Release */,
			);
			defaultConfigurationIsVisible = 0;
			defaultConfigurationName = Release;
		};
/* End XCConfigurationList section */
	};
	rootObject = 3A40C9602AF30E9900702DCB /* Project object */;
}
